// !$*UTF8*$!
{
	archiveVersion = 1;
	classes = {
	};
	objectVersion = 50;
	objects = {

/* Begin PBXBuildFile section */
		6F09A19820E8804D00D496C7 /* main.cpp in Sources */ = {isa = PBXBuildFile; fileRef = 6F09A19720E8804D00D496C7 /* main.cpp */; };
		6F09A1A020E880AB00D496C7 /* OpenGL.framework in Frameworks */ = {isa = PBXBuildFile; fileRef = 6F09A19F20E880AB00D496C7 /* OpenGL.framework */; };
		6F09A1AA20E88A8D00D496C7 /* libglfw.3.2.dylib in Frameworks */ = {isa = PBXBuildFile; fileRef = 6F09A1A920E88A8D00D496C7 /* libglfw.3.2.dylib */; };
		6F09A1AB20E88E7700D496C7 /* libGLEW.2.1.0.dylib in Frameworks */ = {isa = PBXBuildFile; fileRef = 6F09A1A320E886BB00D496C7 /* libGLEW.2.1.0.dylib */; };
		6F09A1C220E944E700D496C7 /* loadShader.cpp in Sources */ = {isa = PBXBuildFile; fileRef = 6F09A1C020E944E700D496C7 /* loadShader.cpp */; };
		6F09A1E520E9B48800D496C7 /* libglm_shared.dylib in Frameworks */ = {isa = PBXBuildFile; fileRef = 6F09A1E320E9B17C00D496C7 /* libglm_shared.dylib */; settings = {ATTRIBUTES = (Weak, ); }; };
		6F204BB620EB21EE00EE57D1 /* loadTexture.cpp in Sources */ = {isa = PBXBuildFile; fileRef = 6F204BB420EB21EE00EE57D1 /* loadTexture.cpp */; };
		6F5C1DBF20F034F3009594A8 /* objloader.cpp in Sources */ = {isa = PBXBuildFile; fileRef = 6F5C1DBE20F034F3009594A8 /* objloader.cpp */; };
		6F5C1DC220F05E1D009594A8 /* controls.cpp in Sources */ = {isa = PBXBuildFile; fileRef = 6F5C1DC020F05E1C009594A8 /* controls.cpp */; };
/* End PBXBuildFile section */

/* Begin PBXCopyFilesBuildPhase section */
		6F09A19220E8804C00D496C7 /* CopyFiles */ = {
			isa = PBXCopyFilesBuildPhase;
			buildActionMask = 2147483647;
			dstPath = /usr/share/man/man1/;
			dstSubfolderSpec = 0;
			files = (
			);
			runOnlyForDeploymentPostprocessing = 1;
		};
/* End PBXCopyFilesBuildPhase section */

/* Begin PBXFileReference section */
		6F09A19420E8804D00D496C7 /* shader-1 */ = {isa = PBXFileReference; explicitFileType = "compiled.mach-o.executable"; includeInIndex = 0; path = "shader-1"; sourceTree = BUILT_PRODUCTS_DIR; };
		6F09A19720E8804D00D496C7 /* main.cpp */ = {isa = PBXFileReference; lastKnownFileType = sourcecode.cpp.cpp; path = main.cpp; sourceTree = "<group>"; };
		6F09A19F20E880AB00D496C7 /* OpenGL.framework */ = {isa = PBXFileReference; lastKnownFileType = wrapper.framework; name = OpenGL.framework; path = System/Library/Frameworks/OpenGL.framework; sourceTree = SDKROOT; };
		6F09A1A120E880B500D496C7 /* GLUT.framework */ = {isa = PBXFileReference; lastKnownFileType = wrapper.framework; name = GLUT.framework; path = System/Library/Frameworks/GLUT.framework; sourceTree = SDKROOT; };
		6F09A1A320E886BB00D496C7 /* libGLEW.2.1.0.dylib */ = {isa = PBXFileReference; lastKnownFileType = "compiled.mach-o.dylib"; name = libGLEW.2.1.0.dylib; path = "glew-2.1.0/lib/libGLEW.2.1.0.dylib"; sourceTree = "<group>"; };
		6F09A1A520E886D300D496C7 /* glfw-3.2.1 */ = {isa = PBXFileReference; lastKnownFileType = folder; path = "glfw-3.2.1"; sourceTree = "<group>"; };
		6F09A1A720E8875A00D496C7 /* libGLEW.2.1.0.dylib */ = {isa = PBXFileReference; lastKnownFileType = "compiled.mach-o.dylib"; name = libGLEW.2.1.0.dylib; path = ../../../../usr/local/lib/libGLEW.2.1.0.dylib; sourceTree = "<group>"; };
		6F09A1A920E88A8D00D496C7 /* libglfw.3.2.dylib */ = {isa = PBXFileReference; lastKnownFileType = "compiled.mach-o.dylib"; name = libglfw.3.2.dylib; path = "glfw-3.2.1/src/Debug/libglfw.3.2.dylib"; sourceTree = "<group>"; };
		6F09A1C020E944E700D496C7 /* loadShader.cpp */ = {isa = PBXFileReference; lastKnownFileType = sourcecode.cpp.cpp; path = loadShader.cpp; sourceTree = "<group>"; };
		6F09A1C120E944E700D496C7 /* loadShader.hpp */ = {isa = PBXFileReference; lastKnownFileType = sourcecode.cpp.h; path = loadShader.hpp; sourceTree = "<group>"; };
		6F09A1C320E94ECD00D496C7 /* vertexShader.vert */ = {isa = PBXFileReference; lastKnownFileType = sourcecode.glsl; path = vertexShader.vert; sourceTree = "<group>"; };
		6F09A1C420E94EE100D496C7 /* fragmentShader.frag */ = {isa = PBXFileReference; lastKnownFileType = sourcecode.glsl; path = fragmentShader.frag; sourceTree = "<group>"; };
		6F09A1E320E9B17C00D496C7 /* libglm_shared.dylib */ = {isa = PBXFileReference; lastKnownFileType = "compiled.mach-o.dylib"; name = libglm_shared.dylib; path = glm/build/glm/Debug/libglm_shared.dylib; sourceTree = "<group>"; };
		6F204BB420EB21EE00EE57D1 /* loadTexture.cpp */ = {isa = PBXFileReference; lastKnownFileType = sourcecode.cpp.cpp; path = loadTexture.cpp; sourceTree = "<group>"; };
		6F204BB520EB21EE00EE57D1 /* loadTexture.hpp */ = {isa = PBXFileReference; lastKnownFileType = sourcecode.cpp.h; path = loadTexture.hpp; sourceTree = "<group>"; };
		6F204BB720EB241600EE57D1 /* texture.frag */ = {isa = PBXFileReference; lastKnownFileType = sourcecode.glsl; path = texture.frag; sourceTree = "<group>"; };
		6F204BB820EB242300EE57D1 /* texture.vert */ = {isa = PBXFileReference; lastKnownFileType = sourcecode.glsl; path = texture.vert; sourceTree = "<group>"; };
		6F5C1DBD20F034F3009594A8 /* objloader.hpp */ = {isa = PBXFileReference; fileEncoding = 4; lastKnownFileType = sourcecode.cpp.h; path = objloader.hpp; sourceTree = "<group>"; };
		6F5C1DBE20F034F3009594A8 /* objloader.cpp */ = {isa = PBXFileReference; fileEncoding = 4; lastKnownFileType = sourcecode.cpp.cpp; path = objloader.cpp; sourceTree = "<group>"; };
		6F5C1DC020F05E1C009594A8 /* controls.cpp */ = {isa = PBXFileReference; fileEncoding = 4; lastKnownFileType = sourcecode.cpp.cpp; path = controls.cpp; sourceTree = "<group>"; };
		6F5C1DC120F05E1C009594A8 /* controls.hpp */ = {isa = PBXFileReference; fileEncoding = 4; lastKnownFileType = sourcecode.cpp.h; path = controls.hpp; sourceTree = "<group>"; };
/* End PBXFileReference section */

/* Begin PBXFrameworksBuildPhase section */
		6F09A19120E8804C00D496C7 /* Frameworks */ = {
			isa = PBXFrameworksBuildPhase;
			buildActionMask = 2147483647;
			files = (
				6F09A1AA20E88A8D00D496C7 /* libglfw.3.2.dylib in Frameworks */,
				6F09A1AB20E88E7700D496C7 /* libGLEW.2.1.0.dylib in Frameworks */,
				6F09A1E520E9B48800D496C7 /* libglm_shared.dylib in Frameworks */,
				6F09A1A020E880AB00D496C7 /* OpenGL.framework in Frameworks */,
			);
			runOnlyForDeploymentPostprocessing = 0;
		};
/* End PBXFrameworksBuildPhase section */

/* Begin PBXGroup section */
		6F09A18B20E8804C00D496C7 = {
			isa = PBXGroup;
			children = (
				6F5C1DC420F102E5009594A8 /* resources */,
				6F09A1BD20E9442100D496C7 /* common */,
				6F09A19620E8804D00D496C7 /* shader-1 */,
				6F09A19520E8804D00D496C7 /* Products */,
				6F09A19E20E880AB00D496C7 /* Frameworks */,
			);
			sourceTree = "<group>";
		};
		6F09A19520E8804D00D496C7 /* Products */ = {
			isa = PBXGroup;
			children = (
				6F09A19420E8804D00D496C7 /* shader-1 */,
			);
			name = Products;
			sourceTree = "<group>";
		};
		6F09A19620E8804D00D496C7 /* shader-1 */ = {
			isa = PBXGroup;
			children = (
				6F09A1C320E94ECD00D496C7 /* vertexShader.vert */,
				6F09A1C420E94EE100D496C7 /* fragmentShader.frag */,
				6F204BB720EB241600EE57D1 /* texture.frag */,
				6F204BB820EB242300EE57D1 /* texture.vert */,
				6F09A19720E8804D00D496C7 /* main.cpp */,
			);
			path = "shader-1";
			sourceTree = "<group>";
		};
		6F09A19E20E880AB00D496C7 /* Frameworks */ = {
			isa = PBXGroup;
			children = (
				6F09A1E320E9B17C00D496C7 /* libglm_shared.dylib */,
				6F09A1A920E88A8D00D496C7 /* libglfw.3.2.dylib */,
				6F09A1A720E8875A00D496C7 /* libGLEW.2.1.0.dylib */,
				6F09A1A520E886D300D496C7 /* glfw-3.2.1 */,
				6F09A1A320E886BB00D496C7 /* libGLEW.2.1.0.dylib */,
				6F09A1A120E880B500D496C7 /* GLUT.framework */,
				6F09A19F20E880AB00D496C7 /* OpenGL.framework */,
			);
			name = Frameworks;
			sourceTree = "<group>";
		};
		6F09A1BD20E9442100D496C7 /* common */ = {
			isa = PBXGroup;
			children = (
				6F5C1DC020F05E1C009594A8 /* controls.cpp */,
				6F5C1DC120F05E1C009594A8 /* controls.hpp */,
				6F5C1DBE20F034F3009594A8 /* objloader.cpp */,
				6F5C1DBD20F034F3009594A8 /* objloader.hpp */,
				6F204BB420EB21EE00EE57D1 /* loadTexture.cpp */,
				6F09A1C020E944E700D496C7 /* loadShader.cpp */,
				6F09A1C120E944E700D496C7 /* loadShader.hpp */,
				6F204BB520EB21EE00EE57D1 /* loadTexture.hpp */,
			);
			path = common;
			sourceTree = "<group>";
		};
		6F5C1DC420F102E5009594A8 /* resources */ = {
			isa = PBXGroup;
			children = (
			);
			path = resources;
			sourceTree = "<group>";
		};
/* End PBXGroup section */

/* Begin PBXNativeTarget section */
		6F09A19320E8804C00D496C7 /* shader-1 */ = {
			isa = PBXNativeTarget;
			buildConfigurationList = 6F09A19B20E8804D00D496C7 /* Build configuration list for PBXNativeTarget "shader-1" */;
			buildPhases = (
				6F09A19020E8804C00D496C7 /* Sources */,
				6F09A19120E8804C00D496C7 /* Frameworks */,
				6F09A19220E8804C00D496C7 /* CopyFiles */,
			);
			buildRules = (
			);
			dependencies = (
			);
			name = "shader-1";
			productName = "shader-1";
			productReference = 6F09A19420E8804D00D496C7 /* shader-1 */;
			productType = "com.apple.product-type.tool";
		};
/* End PBXNativeTarget section */

/* Begin PBXProject section */
		6F09A18C20E8804C00D496C7 /* Project object */ = {
			isa = PBXProject;
			attributes = {
				LastUpgradeCheck = 0940;
				ORGANIZATIONNAME = "Rebecca Tingley";
				TargetAttributes = {
					6F09A19320E8804C00D496C7 = {
						CreatedOnToolsVersion = 9.4.1;
					};
				};
			};
			buildConfigurationList = 6F09A18F20E8804C00D496C7 /* Build configuration list for PBXProject "shader-1" */;
			compatibilityVersion = "Xcode 9.3";
			developmentRegion = en;
			hasScannedForEncodings = 0;
			knownRegions = (
				en,
			);
			mainGroup = 6F09A18B20E8804C00D496C7;
			productRefGroup = 6F09A19520E8804D00D496C7 /* Products */;
			projectDirPath = "";
			projectRoot = "";
			targets = (
				6F09A19320E8804C00D496C7 /* shader-1 */,
			);
		};
/* End PBXProject section */

/* Begin PBXSourcesBuildPhase section */
		6F09A19020E8804C00D496C7 /* Sources */ = {
			isa = PBXSourcesBuildPhase;
			buildActionMask = 2147483647;
			files = (
				6F5C1DBF20F034F3009594A8 /* objloader.cpp in Sources */,
				6F09A1C220E944E700D496C7 /* loadShader.cpp in Sources */,
				6F5C1DC220F05E1D009594A8 /* controls.cpp in Sources */,
				6F204BB620EB21EE00EE57D1 /* loadTexture.cpp in Sources */,
				6F09A19820E8804D00D496C7 /* main.cpp in Sources */,
			);
			runOnlyForDeploymentPostprocessing = 0;
		};
/* End PBXSourcesBuildPhase section */

/* Begin XCBuildConfiguration section */
		6F09A19920E8804D00D496C7 /* Debug */ = {
			isa = XCBuildConfiguration;
			buildSettings = {
				ALWAYS_SEARCH_USER_PATHS = NO;
				CLANG_ANALYZER_NONNULL = YES;
				CLANG_ANALYZER_NUMBER_OBJECT_CONVERSION = YES_AGGRESSIVE;
				CLANG_CXX_LANGUAGE_STANDARD = "gnu++14";
				CLANG_CXX_LIBRARY = "libc++";
				CLANG_ENABLE_MODULES = YES;
				CLANG_ENABLE_OBJC_ARC = YES;
				CLANG_ENABLE_OBJC_WEAK = YES;
				CLANG_WARN_BLOCK_CAPTURE_AUTORELEASING = YES;
				CLANG_WARN_BOOL_CONVERSION = YES;
				CLANG_WARN_COMMA = YES;
				CLANG_WARN_CONSTANT_CONVERSION = YES;
				CLANG_WARN_DEPRECATED_OBJC_IMPLEMENTATIONS = YES;
				CLANG_WARN_DIRECT_OBJC_ISA_USAGE = YES_ERROR;
				CLANG_WARN_DOCUMENTATION_COMMENTS = YES;
				CLANG_WARN_EMPTY_BODY = YES;
				CLANG_WARN_ENUM_CONVERSION = YES;
				CLANG_WARN_INFINITE_RECURSION = YES;
				CLANG_WARN_INT_CONVERSION = YES;
				CLANG_WARN_NON_LITERAL_NULL_CONVERSION = YES;
				CLANG_WARN_OBJC_IMPLICIT_RETAIN_SELF = YES;
				CLANG_WARN_OBJC_LITERAL_CONVERSION = YES;
				CLANG_WARN_OBJC_ROOT_CLASS = YES_ERROR;
				CLANG_WARN_RANGE_LOOP_ANALYSIS = YES;
				CLANG_WARN_STRICT_PROTOTYPES = YES;
				CLANG_WARN_SUSPICIOUS_MOVE = YES;
				CLANG_WARN_UNGUARDED_AVAILABILITY = YES_AGGRESSIVE;
				CLANG_WARN_UNREACHABLE_CODE = YES;
				CLANG_WARN__DUPLICATE_METHOD_MATCH = YES;
				CODE_SIGN_IDENTITY = "-";
				COPY_PHASE_STRIP = NO;
				DEBUG_INFORMATION_FORMAT = dwarf;
				ENABLE_STRICT_OBJC_MSGSEND = YES;
				ENABLE_TESTABILITY = YES;
				GCC_C_LANGUAGE_STANDARD = gnu11;
				GCC_DYNAMIC_NO_PIC = NO;
				GCC_NO_COMMON_BLOCKS = YES;
				GCC_OPTIMIZATION_LEVEL = 0;
				GCC_PREPROCESSOR_DEFINITIONS = (
					"DEBUG=1",
					"$(inherited)",
				);
				GCC_WARN_64_TO_32_BIT_CONVERSION = YES;
				GCC_WARN_ABOUT_RETURN_TYPE = YES_ERROR;
				GCC_WARN_UNDECLARED_SELECTOR = YES;
				GCC_WARN_UNINITIALIZED_AUTOS = YES_AGGRESSIVE;
				GCC_WARN_UNUSED_FUNCTION = YES;
				GCC_WARN_UNUSED_VARIABLE = YES;
				MACOSX_DEPLOYMENT_TARGET = 10.13;
				MTL_ENABLE_DEBUG_INFO = YES;
				ONLY_ACTIVE_ARCH = YES;
				SDKROOT = macosx;
			};
			name = Debug;
		};
		6F09A19A20E8804D00D496C7 /* Release */ = {
			isa = XCBuildConfiguration;
			buildSettings = {
				ALWAYS_SEARCH_USER_PATHS = NO;
				CLANG_ANALYZER_NONNULL = YES;
				CLANG_ANALYZER_NUMBER_OBJECT_CONVERSION = YES_AGGRESSIVE;
				CLANG_CXX_LANGUAGE_STANDARD = "gnu++14";
				CLANG_CXX_LIBRARY = "libc++";
				CLANG_ENABLE_MODULES = YES;
				CLANG_ENABLE_OBJC_ARC = YES;
				CLANG_ENABLE_OBJC_WEAK = YES;
				CLANG_WARN_BLOCK_CAPTURE_AUTORELEASING = YES;
				CLANG_WARN_BOOL_CONVERSION = YES;
				CLANG_WARN_COMMA = YES;
				CLANG_WARN_CONSTANT_CONVERSION = YES;
				CLANG_WARN_DEPRECATED_OBJC_IMPLEMENTATIONS = YES;
				CLANG_WARN_DIRECT_OBJC_ISA_USAGE = YES_ERROR;
				CLANG_WARN_DOCUMENTATION_COMMENTS = YES;
				CLANG_WARN_EMPTY_BODY = YES;
				CLANG_WARN_ENUM_CONVERSION = YES;
				CLANG_WARN_INFINITE_RECURSION = YES;
				CLANG_WARN_INT_CONVERSION = YES;
				CLANG_WARN_NON_LITERAL_NULL_CONVERSION = YES;
				CLANG_WARN_OBJC_IMPLICIT_RETAIN_SELF = YES;
				CLANG_WARN_OBJC_LITERAL_CONVERSION = YES;
				CLANG_WARN_OBJC_ROOT_CLASS = YES_ERROR;
				CLANG_WARN_RANGE_LOOP_ANALYSIS = YES;
				CLANG_WARN_STRICT_PROTOTYPES = YES;
				CLANG_WARN_SUSPICIOUS_MOVE = YES;
				CLANG_WARN_UNGUARDED_AVAILABILITY = YES_AGGRESSIVE;
				CLANG_WARN_UNREACHABLE_CODE = YES;
				CLANG_WARN__DUPLICATE_METHOD_MATCH = YES;
				CODE_SIGN_IDENTITY = "-";
				COPY_PHASE_STRIP = NO;
				DEBUG_INFORMATION_FORMAT = "dwarf-with-dsym";
				ENABLE_NS_ASSERTIONS = NO;
				ENABLE_STRICT_OBJC_MSGSEND = YES;
				GCC_C_LANGUAGE_STANDARD = gnu11;
				GCC_NO_COMMON_BLOCKS = YES;
				GCC_WARN_64_TO_32_BIT_CONVERSION = YES;
				GCC_WARN_ABOUT_RETURN_TYPE = YES_ERROR;
				GCC_WARN_UNDECLARED_SELECTOR = YES;
				GCC_WARN_UNINITIALIZED_AUTOS = YES_AGGRESSIVE;
				GCC_WARN_UNUSED_FUNCTION = YES;
				GCC_WARN_UNUSED_VARIABLE = YES;
				MACOSX_DEPLOYMENT_TARGET = 10.13;
				MTL_ENABLE_DEBUG_INFO = NO;
				SDKROOT = macosx;
			};
			name = Release;
		};
		6F09A19C20E8804D00D496C7 /* Debug */ = {
			isa = XCBuildConfiguration;
			buildSettings = {
				CODE_SIGN_STYLE = Automatic;
				HEADER_SEARCH_PATHS = (
					"$(PROJECT_DIR)/glfw-3.2.1/include",
					"$(PROJECT_DIR)/glew-2.1.0/include",
					"$(PROJECT_DIR)/common",
					"$(PROJECT_DIR)/glm",
				);
				LIBRARY_SEARCH_PATHS = (
					"$(inherited)",
					"$(PROJECT_DIR)/glew-2.1.0/lib",
					"$(PROJECT_DIR)/glfw-3.2.1/src/Debug",
					"$(PROJECT_DIR)/common",
					"$(PROJECT_DIR)/glm/build/glm/Debug",
				);
				OTHER_LDFLAGS = "";
				PRODUCT_NAME = "$(TARGET_NAME)";
			};
			name = Debug;
		};
		6F09A19D20E8804D00D496C7 /* Release */ = {
			isa = XCBuildConfiguration;
			buildSettings = {
				CODE_SIGN_STYLE = Automatic;
				HEADER_SEARCH_PATHS = (
					"$(PROJECT_DIR)/glfw-3.2.1/include",
					"$(PROJECT_DIR)/glew-2.1.0/include",
					"$(PROJECT_DIR)/common",
					"$(PROJECT_DIR)/glm",
				);
				LIBRARY_SEARCH_PATHS = (
					"$(inherited)",
					"$(PROJECT_DIR)/glew-2.1.0/lib",
					"$(PROJECT_DIR)/glfw-3.2.1/src/Debug",
					"$(PROJECT_DIR)/common",
					"$(PROJECT_DIR)/glm/build/glm/Debug",
				);
				OTHER_LDFLAGS = "";
				PRODUCT_NAME = "$(TARGET_NAME)";
			};
			name = Release;
		};
/* End XCBuildConfiguration section */

/* Begin XCConfigurationList section */
		6F09A18F20E8804C00D496C7 /* Build configuration list for PBXProject "shader-1" */ = {
			isa = XCConfigurationList;
			buildConfigurations = (
				6F09A19920E8804D00D496C7 /* Debug */,
				6F09A19A20E8804D00D496C7 /* Release */,
			);
			defaultConfigurationIsVisible = 0;
			defaultConfigurationName = Release;
		};
		6F09A19B20E8804D00D496C7 /* Build configuration list for PBXNativeTarget "shader-1" */ = {
			isa = XCConfigurationList;
			buildConfigurations = (
				6F09A19C20E8804D00D496C7 /* Debug */,
				6F09A19D20E8804D00D496C7 /* Release */,
			);
			defaultConfigurationIsVisible = 0;
			defaultConfigurationName = Release;
		};
/* End XCConfigurationList section */
	};
	rootObject = 6F09A18C20E8804C00D496C7 /* Project object */;
}
